{
  "name": "promises-async",
  "version": "1.0.0",
  "lockfileVersion": 2,
  "requires": true,
  "packages": {
    "": {
      "name": "promises-async",
      "version": "1.0.0",
      "dependencies": {
        "undici": "^5.19.1",
        "z": "file:z"
      },
      "devDependencies": {
        "debugging-aid": "^0.5.3"
      }
    },
    "node_modules/blocked-at": {
      "version": "1.2.0",
      "resolved": "https://registry.npmjs.org/blocked-at/-/blocked-at-1.2.0.tgz",
      "integrity": "sha512-Ba9yhK4KcFrgqEPgsU0qVGiMimf+VrD9QJo9pgwjg4yl0GXwgOJS8IRx2rPepQjalrmUdGTqX47bSuJLUMLX7w==",
      "dev": true
    },
    "node_modules/busboy": {
      "version": "1.6.0",
      "resolved": "https://registry.npmjs.org/busboy/-/busboy-1.6.0.tgz",
      "integrity": "sha512-8SFQbg/0hQ9xy3UNTB0YEnsNBbWfhf7RtnzpL7TkBiTBRfrQ9Fxcnz7VJsleJpyp6rVLvXiuORqjlHi5q+PYuA==",
      "dependencies": {
        "streamsearch": "^1.1.0"
      },
      "engines": {
        "node": ">=10.16.0"
      }
    },
    "node_modules/debugging-aid": {
      "version": "0.5.3",
      "resolved": "https://registry.npmjs.org/debugging-aid/-/debugging-aid-0.5.3.tgz",
      "integrity": "sha512-63E15egjSVVvUf2chVf2Qj3mkoB2SWGbmY8mQ+h98eVNTNpOpawjev9Lfs7gPtFu4erg/paI2oyrwgV+qr1FxA==",
      "dev": true,
      "dependencies": {
        "blocked-at": "^1.2.0",
        "mitm": "^1.7.1",
        "request-to-curl": "^0.1.6"
      }
    },
    "node_modules/http-parser-js": {
      "version": "0.5.5",
      "resolved": "https://registry.npmjs.org/http-parser-js/-/http-parser-js-0.5.5.tgz",
      "integrity": "sha512-x+JVEkO2PoM8qqpbPbOL3cqHPwerep7OwzK7Ay+sMQjKzaKCqWvjoXm5tqMP9tXWWTnTzAjIhXg+J99XYuPhPA==",
      "dev": true
    },
    "node_modules/mitm": {
      "version": "1.7.2",
      "resolved": "https://registry.npmjs.org/mitm/-/mitm-1.7.2.tgz",
      "integrity": "sha512-SuiJbc5xisP/iUYvsKAvrvPeoyJQbYI3WOfnp8A7XHDn4wkdtmGZe2ZTFXIo3K1of05oxUiaJIK+GoAU5KgFOw==",
      "dev": true,
      "dependencies": {
        "semver": ">= 5 < 6",
        "underscore": ">= 1.1.6 < 1.14"
      },
      "engines": {
        "node": ">= 0.10.24"
      }
    },
    "node_modules/request-to-curl": {
      "version": "0.1.6",
      "resolved": "https://registry.npmjs.org/request-to-curl/-/request-to-curl-0.1.6.tgz",
      "integrity": "sha512-bdFayFhQqLb+Z1YIOxQ4pOXLsSRJ0HUxolkjSZKKaGcajlxuf8ac2dRGaczz+eoCPbQ55B6xoJTSvPbyG85elQ==",
      "dev": true,
      "dependencies": {
        "http-parser-js": "^0.5.1"
      }
    },
    "node_modules/semver": {
      "version": "5.7.1",
      "resolved": "https://registry.npmjs.org/semver/-/semver-5.7.1.tgz",
      "integrity": "sha512-sauaDf/PZdVgrLTNYHRtpXa1iRiKcaebiKQ1BJdpQlWH2lCvexQdX55snPFyK7QzpudqbCI0qXFfOasHdyNDGQ==",
      "dev": true,
      "bin": {
        "semver": "bin/semver"
      }
    },
    "node_modules/streamsearch": {
      "version": "1.1.0",
      "resolved": "https://registry.npmjs.org/streamsearch/-/streamsearch-1.1.0.tgz",
      "integrity": "sha512-Mcc5wHehp9aXz1ax6bZUyY5afg9u2rv5cqQI3mRrYkGC8rW2hM02jWuwjtL++LS5qinSyhj2QfLyNsuc+VsExg==",
      "engines": {
        "node": ">=10.0.0"
      }
    },
    "node_modules/underscore": {
      "version": "1.13.2",
      "resolved": "https://registry.npmjs.org/underscore/-/underscore-1.13.2.tgz",
      "integrity": "sha512-ekY1NhRzq0B08g4bGuX4wd2jZx5GnKz6mKSqFL4nqBlfyMGiG10gDFhDTMEfYmDL6Jy0FUIZp7wiRB+0BP7J2g==",
      "dev": true
    },
    "node_modules/undici": {
      "version": "5.19.1",
      "resolved": "https://registry.npmjs.org/undici/-/undici-5.19.1.tgz",
      "integrity": "sha512-YiZ61LPIgY73E7syxCDxxa3LV2yl3sN8spnIuTct60boiiRaE1J8mNWHO8Im2Zi/sFrPusjLlmRPrsyraSqX6A==",
      "dependencies": {
        "busboy": "^1.6.0"
      },
      "engines": {
        "node": ">=12.18"
      }
    },
    "node_modules/z": {
      "resolved": "z",
      "link": true
    },
    "z": {
      "version": "1.0.0",
      "license": "ISC"
    }
  },
  "dependencies": {
    "blocked-at": {
      "version": "1.2.0",
      "resolved": "https://registry.npmjs.org/blocked-at/-/blocked-at-1.2.0.tgz",
      "integrity": "sha512-Ba9yhK4KcFrgqEPgsU0qVGiMimf+VrD9QJo9pgwjg4yl0GXwgOJS8IRx2rPepQjalrmUdGTqX47bSuJLUMLX7w==",
      "dev": true
    },
    "busboy": {
      "version": "1.6.0",
      "resolved": "https://registry.npmjs.org/busboy/-/busboy-1.6.0.tgz",
      "integrity": "sha512-8SFQbg/0hQ9xy3UNTB0YEnsNBbWfhf7RtnzpL7TkBiTBRfrQ9Fxcnz7VJsleJpyp6rVLvXiuORqjlHi5q+PYuA==",
      "requires": {
        "streamsearch": "^1.1.0"
      }
    },
    "debugging-aid": {
      "version": "0.5.3",
      "resolved": "https://registry.npmjs.org/debugging-aid/-/debugging-aid-0.5.3.tgz",
      "integrity": "sha512-63E15egjSVVvUf2chVf2Qj3mkoB2SWGbmY8mQ+h98eVNTNpOpawjev9Lfs7gPtFu4erg/paI2oyrwgV+qr1FxA==",
      "dev": true,
      "requires": {
        "blocked-at": "^1.2.0",
        "mitm": "^1.7.1",
        "request-to-curl": "^0.1.6"
      }
    },
    "http-parser-js": {
      "version": "0.5.5",
      "resolved": "https://registry.npmjs.org/http-parser-js/-/http-parser-js-0.5.5.tgz",
      "integrity": "sha512-x+JVEkO2PoM8qqpbPbOL3cqHPwerep7OwzK7Ay+sMQjKzaKCqWvjoXm5tqMP9tXWWTnTzAjIhXg+J99XYuPhPA==",
      "dev": true
    },
    "mitm": {
      "version": "1.7.2",
      "resolved": "https://registry.npmjs.org/mitm/-/mitm-1.7.2.tgz",
      "integrity": "sha512-SuiJbc5xisP/iUYvsKAvrvPeoyJQbYI3WOfnp8A7XHDn4wkdtmGZe2ZTFXIo3K1of05oxUiaJIK+GoAU5KgFOw==",
      "dev": true,
      "requires": {
        "semver": ">= 5 < 6",
        "underscore": ">= 1.1.6 < 1.14"
      }
    },
    "request-to-curl": {
      "version": "0.1.6",
      "resolved": "https://registry.npmjs.org/request-to-curl/-/request-to-curl-0.1.6.tgz",
      "integrity": "sha512-bdFayFhQqLb+Z1YIOxQ4pOXLsSRJ0HUxolkjSZKKaGcajlxuf8ac2dRGaczz+eoCPbQ55B6xoJTSvPbyG85elQ==",
      "dev": true,
      "requires": {
        "http-parser-js": "^0.5.1"
      }
    },
    "semver": {
      "version": "5.7.1",
      "resolved": "https://registry.npmjs.org/semver/-/semver-5.7.1.tgz",
      "integrity": "sha512-sauaDf/PZdVgrLTNYHRtpXa1iRiKcaebiKQ1BJdpQlWH2lCvexQdX55snPFyK7QzpudqbCI0qXFfOasHdyNDGQ==",
      "dev": true
    },
    "streamsearch": {
      "version": "1.1.0",
      "resolved": "https://registry.npmjs.org/streamsearch/-/streamsearch-1.1.0.tgz",
      "integrity": "sha512-Mcc5wHehp9aXz1ax6bZUyY5afg9u2rv5cqQI3mRrYkGC8rW2hM02jWuwjtL++LS5qinSyhj2QfLyNsuc+VsExg=="
    },
    "underscore": {
      "version": "1.13.2",
      "resolved": "https://registry.npmjs.org/underscore/-/underscore-1.13.2.tgz",
      "integrity": "sha512-ekY1NhRzq0B08g4bGuX4wd2jZx5GnKz6mKSqFL4nqBlfyMGiG10gDFhDTMEfYmDL6Jy0FUIZp7wiRB+0BP7J2g==",
      "dev": true
    },
    "undici": {
      "version": "5.19.1",
      "resolved": "https://registry.npmjs.org/undici/-/undici-5.19.1.tgz",
      "integrity": "sha512-YiZ61LPIgY73E7syxCDxxa3LV2yl3sN8spnIuTct60boiiRaE1J8mNWHO8Im2Zi/sFrPusjLlmRPrsyraSqX6A==",
      "requires": {
        "busboy": "^1.6.0"
      }
    },
    "z": {
      "version": "file:z"
    }
  }
}
